
Microsoft Visual Studio Solution File, Format Version 12.00
# Visual Studio Version 16
VisualStudioVersion = 16.0.28803.202
MinimumVisualStudioVersion = 10.0.40219.1
Project("{FAE04EC0-301F-11D3-BF4B-00C04F79EFBC}") = "NetCalculator", "NetCalculator.csproj", "{3CDB2F39-D1A1-4E94-B77D-A580215992DB}"
EndProject
Global
	GlobalSection(SolutionConfigurationPlatforms) = preSolution
		Debug|Any CPU = Debug|Any CPU
		Release|Any CPU = Release|Any CPU
	EndGlobalSection
	GlobalSection(ProjectConfigurationPlatforms) = postSolution
		{3CDB2F39-D1A1-4E94-B77D-A580215992DB}.Debug|Any CPU.ActiveCfg = Debug|Any CPU
		{3CDB2F39-D1A1-4E94-B77D-A580215992DB}.Debug|Any CPU.Build.0 = Debug|Any CPU
		{3CDB2F39-D1A1-4E94-B77D-A580215992DB}.Release|Any CPU.ActiveCfg = Release|Any CPU
		{3CDB2F39-D1A1-4E94-B77D-A580215992DB}.Release|Any CPU.Build.0 = Release|Any CPU
	EndGlobalSection
	GlobalSection(SolutionProperties) = preSolution
		HideSolutionNode = FALSE
	EndGlobalSection
	GlobalSection(ExtensibilityGlobals) = postSolution
		SolutionGuid = {6830BC22-A7C0-425C-8637-216A59FA6C56}
	EndGlobalSection
EndGlobal
